
Microsoft Visual Studio Solution File, Format Version 12.00
# Visual Studio 15
VisualStudioVersion = 15.0.26403.3
MinimumVisualStudioVersion = 10.0.40219.1
Project("{9A19103F-16F7-4668-BE54-9A1E7A4F7556}") = "TESTUDO2.Server.Game", "GameServer\TESTUDO2.Server.Game.csproj", "{FA954242-C395-414D-8FCA-F5B067D4A122}"
EndProject
Project("{9A19103F-16F7-4668-BE54-9A1E7A4F7556}") = "TESTUDO2.GameCore", "GameCore\TESTUDO2.GameCore.csproj", "{E8B10576-6167-4252-9CEB-94A5E6734AB7}"
EndProject
Project("{9A19103F-16F7-4668-BE54-9A1E7A4F7556}") = "TESTUDO2.Server.TCPService", "TCPService\TESTUDO2.Server.TCPService.csproj", "{3F086B4C-F6C7-4BE3-AED2-D676C53E39F6}"
EndProject
Global
	GlobalSection(SolutionConfigurationPlatforms) = preSolution
		Debug|Any CPU = Debug|Any CPU
		Release|Any CPU = Release|Any CPU
	EndGlobalSection
	GlobalSection(ProjectConfigurationPlatforms) = postSolution
		{FA954242-C395-414D-8FCA-F5B067D4A122}.Debug|Any CPU.ActiveCfg = Debug|Any CPU
		{FA954242-C395-414D-8FCA-F5B067D4A122}.Debug|Any CPU.Build.0 = Debug|Any CPU
		{FA954242-C395-414D-8FCA-F5B067D4A122}.Release|Any CPU.ActiveCfg = Release|Any CPU
		{FA954242-C395-414D-8FCA-F5B067D4A122}.Release|Any CPU.Build.0 = Release|Any CPU
		{E8B10576-6167-4252-9CEB-94A5E6734AB7}.Debug|Any CPU.ActiveCfg = Debug|Any CPU
		{E8B10576-6167-4252-9CEB-94A5E6734AB7}.Debug|Any CPU.Build.0 = Debug|Any CPU
		{E8B10576-6167-4252-9CEB-94A5E6734AB7}.Release|Any CPU.ActiveCfg = Release|Any CPU
		{E8B10576-6167-4252-9CEB-94A5E6734AB7}.Release|Any CPU.Build.0 = Release|Any CPU
		{3F086B4C-F6C7-4BE3-AED2-D676C53E39F6}.Debug|Any CPU.ActiveCfg = Debug|Any CPU
		{3F086B4C-F6C7-4BE3-AED2-D676C53E39F6}.Debug|Any CPU.Build.0 = Debug|Any CPU
		{3F086B4C-F6C7-4BE3-AED2-D676C53E39F6}.Release|Any CPU.ActiveCfg = Release|Any CPU
		{3F086B4C-F6C7-4BE3-AED2-D676C53E39F6}.Release|Any CPU.Build.0 = Release|Any CPU
	EndGlobalSection
	GlobalSection(SolutionProperties) = preSolution
		HideSolutionNode = FALSE
	EndGlobalSection
EndGlobal
